
Microsoft Visual Studio Solution File, Format Version 12.00
Project("{FAE04EC0-301F-11D3-BF4B-00C04F79EFBC}") = "StatementProcessor", "StatementProcessor\StatementProcessor.csproj", "{2E036426-6004-4737-93AB-BCA1245FA6C3}"
EndProject
Project("{FAE04EC0-301F-11D3-BF4B-00C04F79EFBC}") = "StatementProcessor.Tests", "StatementProcessor.Tests\StatementProcessor.Tests.csproj", "{0A4ED806-3DEE-49D8-B8C9-65ECF27321B0}"
EndProject
Global
	GlobalSection(SolutionConfigurationPlatforms) = preSolution
		Debug|Any CPU = Debug|Any CPU
		Release|Any CPU = Release|Any CPU
	EndGlobalSection
	GlobalSection(ProjectConfigurationPlatforms) = postSolution
		{2E036426-6004-4737-93AB-BCA1245FA6C3}.Debug|Any CPU.ActiveCfg = Debug|Any CPU
		{2E036426-6004-4737-93AB-BCA1245FA6C3}.Debug|Any CPU.Build.0 = Debug|Any CPU
		{2E036426-6004-4737-93AB-BCA1245FA6C3}.Release|Any CPU.ActiveCfg = Release|Any CPU
		{2E036426-6004-4737-93AB-BCA1245FA6C3}.Release|Any CPU.Build.0 = Release|Any CPU
		{0A4ED806-3DEE-49D8-B8C9-65ECF27321B0}.Debug|Any CPU.ActiveCfg = Debug|Any CPU
		{0A4ED806-3DEE-49D8-B8C9-65ECF27321B0}.Debug|Any CPU.Build.0 = Debug|Any CPU
		{0A4ED806-3DEE-49D8-B8C9-65ECF27321B0}.Release|Any CPU.ActiveCfg = Release|Any CPU
		{0A4ED806-3DEE-49D8-B8C9-65ECF27321B0}.Release|Any CPU.Build.0 = Release|Any CPU
	EndGlobalSection
EndGlobal
